
Microsoft Visual Studio Solution File, Format Version 12.00
# Visual Studio Version 17
VisualStudioVersion = 17.7.34018.315
MinimumVisualStudioVersion = 10.0.40219.1
Project("{FAE04EC0-301F-11D3-BF4B-00C04F79EFBC}") = "WpfRentingApartementRacheli", "WpfRentingApartementRacheli\WpfRentingApartementRacheli.csproj", "{43B99ECC-4882-45DC-85FD-C83F43C9D70B}"
EndProject
Global
	GlobalSection(SolutionConfigurationPlatforms) = preSolution
		Debug|Any CPU = Debug|Any CPU
		Release|Any CPU = Release|Any CPU
	EndGlobalSection
	GlobalSection(ProjectConfigurationPlatforms) = postSolution
		{43B99ECC-4882-45DC-85FD-C83F43C9D70B}.Debug|Any CPU.ActiveCfg = Debug|Any CPU
		{43B99ECC-4882-45DC-85FD-C83F43C9D70B}.Debug|Any CPU.Build.0 = Debug|Any CPU
		{43B99ECC-4882-45DC-85FD-C83F43C9D70B}.Release|Any CPU.ActiveCfg = Release|Any CPU
		{43B99ECC-4882-45DC-85FD-C83F43C9D70B}.Release|Any CPU.Build.0 = Release|Any CPU
	EndGlobalSection
	GlobalSection(SolutionProperties) = preSolution
		HideSolutionNode = FALSE
	EndGlobalSection
	GlobalSection(ExtensibilityGlobals) = postSolution
		SolutionGuid = {DAB8A3E0-FCBC-44B8-9C0A-A9DFE9A6C83C}
	EndGlobalSection
EndGlobal
